lockfile_version: '1'
generated_at: '2026-06-08T13:21:38.828062+00:00'
apm_version: 0.18.0
dependencies:
- repo_url: 1natsu-vacation/agent-skills
  host: github.com
  resolved_commit: 2e671641849dc6fafe0e5576cf3267ddbb8d188a
  resolved_ref: v1.2.0
  package_type: skill_bundle
  deployed_files:
  - .agents/skills/1natsu-auto-resolve-conflicts
  - .agents/skills/1natsu-commit
  - .agents/skills/1natsu-conventional-commits
  - .agents/skills/1natsu-create-pr
  - .agents/skills/1natsu-document-harness
  - .agents/skills/1natsu-document-harness-audit
  - .agents/skills/1natsu-document-harness-model
  - .agents/skills/1natsu-entire-context
  - .agents/skills/1natsu-error-handling
  - .agents/skills/1natsu-git-analysis
  - .agents/skills/1natsu-pair-debug
  - .agents/skills/1natsu-pair-resolve-conflicts
  - .agents/skills/1natsu-pr-review-handler
  - .claude/skills/1natsu-auto-resolve-conflicts
  - .claude/skills/1natsu-commit
  - .claude/skills/1natsu-conventional-commits
  - .claude/skills/1natsu-create-pr
  - .claude/skills/1natsu-document-harness
  - .claude/skills/1natsu-document-harness-audit
  - .claude/skills/1natsu-document-harness-model
  - .claude/skills/1natsu-entire-context
  - .claude/skills/1natsu-error-handling
  - .claude/skills/1natsu-git-analysis
  - .claude/skills/1natsu-pair-debug
  - .claude/skills/1natsu-pair-resolve-conflicts
  - .claude/skills/1natsu-pr-review-handler
  content_hash: sha256:cc5eec3c2f082baa560a0e08ed939f7fc0dce06f9255e71858e032de8ee8b33a
- repo_url: expo/skills
  host: github.com
  resolved_commit: 145a923cce95c2cef20643302e8811363fa2e51d
  virtual_path: plugins/expo
  is_virtual: true
  package_type: marketplace_plugin
  deployed_files:
  - .agents/skills/add-app-clip
  - .agents/skills/building-native-ui
  - .agents/skills/eas-update-insights
  - .agents/skills/expo-api-routes
  - .agents/skills/expo-brownfield
  - .agents/skills/expo-cicd-workflows
  - .agents/skills/expo-deployment
  - .agents/skills/expo-dev-client
  - .agents/skills/expo-module
  - .agents/skills/expo-observe
  - .agents/skills/expo-tailwind-setup
  - .agents/skills/expo-ui-jetpack-compose
  - .agents/skills/expo-ui-swift-ui
  - .agents/skills/native-data-fetching
  - .agents/skills/upgrading-expo
  - .agents/skills/use-dom
  - .claude/skills/add-app-clip
  - .claude/skills/building-native-ui
  - .claude/skills/eas-update-insights
  - .claude/skills/expo-api-routes
  - .claude/skills/expo-brownfield
  - .claude/skills/expo-cicd-workflows
  - .claude/skills/expo-deployment
  - .claude/skills/expo-dev-client
  - .claude/skills/expo-module
  - .claude/skills/expo-observe
  - .claude/skills/expo-tailwind-setup
  - .claude/skills/expo-ui-jetpack-compose
  - .claude/skills/expo-ui-swift-ui
  - .claude/skills/native-data-fetching
  - .claude/skills/upgrading-expo
  - .claude/skills/use-dom
  content_hash: sha256:929bdd0c0001fdfedb67b83a075e6477ff5614f77be473a832e356ccd8619563
- repo_url: github/gh-stack
  host: github.com
  resolved_commit: d2a390f2ffd69cc54401a0f4a9e9b42d84e31684
  package_type: skill_bundle
  deployed_files:
  - .agents/skills/gh-stack
  - .claude/skills/gh-stack
  content_hash: sha256:c3c94309ce1d1026542778548318065aae7a3cd98d8afa7cc882085e2fe158fa
- repo_url: mattpocock/skills
  host: github.com
  resolved_commit: 694fa30311e02c2639942308513555e61ee84a6f
  package_type: marketplace_plugin
  deployed_files:
  - .agents/skills/grill-me
  - .agents/skills/grill-me/SKILL.md
  - .claude/skills/grill-me
  - .claude/skills/grill-me/SKILL.md
  deployed_file_hashes:
    .agents/skills/grill-me/SKILL.md: sha256:74147eb6010a65957efef2b9e0f0b3ff935c1def7fc117697151b1d0f3610556
    .claude/skills/grill-me/SKILL.md: sha256:74147eb6010a65957efef2b9e0f0b3ff935c1def7fc117697151b1d0f3610556
  content_hash: sha256:72643a209aac7d4527ac6c18f286203518cc459327d052ef28cc6d8f9b5b0dc7
  skill_subset:
  - skills/productivity/grill-me
- repo_url: microsoft/apm
  host: github.com
  resolved_commit: fef942a2b0125c540b97d4b16fbe3d564fceef86
  virtual_path: packages/apm-guide
  is_virtual: true
  package_type: apm_package
  deployed_files:
  - .agents/skills/apm-usage
  - .claude/agents/apm-expert.md
  - .claude/skills/apm-usage
  - .codex/agents/apm-expert.toml
  - .copilot/agents/apm-expert.agent.md
  deployed_file_hashes:
    .claude/agents/apm-expert.md: sha256:e710ff88b7e4a96b55cb6a636bdc256b0b255492a87b3a5b008112d01ca441e5
    .codex/agents/apm-expert.toml: sha256:0b4bec64f7c6ab70df3841237928eaccfb927789d45300870ce56163230498c4
    .copilot/agents/apm-expert.agent.md: sha256:e710ff88b7e4a96b55cb6a636bdc256b0b255492a87b3a5b008112d01ca441e5
  content_hash: sha256:84d3f298f8c2ebd4039cefa6a04089cc36fb2a21b0f270b1ee5399a9bffb1a39
- repo_url: vercel-labs/agent-skills
  host: github.com
  resolved_commit: 4ec6f84b61cd3c931046c3e6e398f3ae7de372f7
  package_type: skill_bundle
  deployed_files:
  - .agents/skills/composition-patterns
  - .agents/skills/deploy-to-vercel
  - .agents/skills/react-best-practices
  - .agents/skills/react-native-skills
  - .agents/skills/react-view-transitions
  - .agents/skills/vercel-cli-with-tokens
  - .agents/skills/vercel-optimize
  - .agents/skills/web-design-guidelines
  - .agents/skills/writing-guidelines
  - .claude/skills/composition-patterns
  - .claude/skills/deploy-to-vercel
  - .claude/skills/react-best-practices
  - .claude/skills/react-native-skills
  - .claude/skills/react-view-transitions
  - .claude/skills/vercel-cli-with-tokens
  - .claude/skills/vercel-optimize
  - .claude/skills/web-design-guidelines
  - .claude/skills/writing-guidelines
  content_hash: sha256:cd393ae28e44fde211307066d7f747cd007dadb3dfb06c11b8646e2c3326396a
- repo_url: vercel-labs/skills
  host: github.com
  resolved_commit: a561e790756b2785b9ddb82285c4eb0a08258ac9
  package_type: skill_bundle
  deployed_files:
  - .agents/skills/find-skills
  - .claude/skills/find-skills
  content_hash: sha256:f262bbb29391c4ac5d99b4578cc115353788e76d73a4c36b0f306c83e6c2ceba
mcp_servers:
- expo
mcp_configs:
  expo:
    name: expo
    transport: http
    registry: false
    url: https://mcp.expo.dev/mcp
